
Microsoft Visual Studio Solution File, Format Version 12.00
# Visual Studio 15
VisualStudioVersion = 15.0.27130.2027
MinimumVisualStudioVersion = 10.0.40219.1
Project("{FAE04EC0-301F-11D3-BF4B-00C04F79EFBC}") = "4-4 Gestion Personne 2", "4-4 Gestion Personne 2\4-4 Gestion Personne 2.csproj", "{F7D23561-4CC6-4024-A47E-92F6E49FB34B}"
EndProject
Project("{FAE04EC0-301F-11D3-BF4B-00C04F79EFBC}") = "DataLibrary", "DataLibrary\DataLibrary.csproj", "{95172688-D3D1-4D5C-A053-1EE8C9EBB1DA}"
EndProject
Global
	GlobalSection(SolutionConfigurationPlatforms) = preSolution
		Debug|Any CPU = Debug|Any CPU
		Release|Any CPU = Release|Any CPU
	EndGlobalSection
	GlobalSection(ProjectConfigurationPlatforms) = postSolution
		{F7D23561-4CC6-4024-A47E-92F6E49FB34B}.Debug|Any CPU.ActiveCfg = Debug|Any CPU
		{F7D23561-4CC6-4024-A47E-92F6E49FB34B}.Debug|Any CPU.Build.0 = Debug|Any CPU
		{F7D23561-4CC6-4024-A47E-92F6E49FB34B}.Release|Any CPU.ActiveCfg = Release|Any CPU
		{F7D23561-4CC6-4024-A47E-92F6E49FB34B}.Release|Any CPU.Build.0 = Release|Any CPU
		{95172688-D3D1-4D5C-A053-1EE8C9EBB1DA}.Debug|Any CPU.ActiveCfg = Debug|Any CPU
		{95172688-D3D1-4D5C-A053-1EE8C9EBB1DA}.Debug|Any CPU.Build.0 = Debug|Any CPU
		{95172688-D3D1-4D5C-A053-1EE8C9EBB1DA}.Release|Any CPU.ActiveCfg = Release|Any CPU
		{95172688-D3D1-4D5C-A053-1EE8C9EBB1DA}.Release|Any CPU.Build.0 = Release|Any CPU
	EndGlobalSection
	GlobalSection(SolutionProperties) = preSolution
		HideSolutionNode = FALSE
	EndGlobalSection
	GlobalSection(ExtensibilityGlobals) = postSolution
		SolutionGuid = {57B64AE5-B26B-4246-A89B-D91299EF8449}
	EndGlobalSection
EndGlobal
